
Microsoft Visual Studio Solution File, Format Version 12.00
# Visual Studio Version 17
VisualStudioVersion = 17.4.33213.308
MinimumVisualStudioVersion = 10.0.40219.1
Project("{FAE04EC0-301F-11D3-BF4B-00C04F79EFBC}") = "MyMock", "MyMock\MyMock.csproj", "{7E29F5AC-8FC5-47F7-A91F-7C09A98BABC5}"
EndProject
Global
	GlobalSection(SolutionConfigurationPlatforms) = preSolution
		Debug|Any CPU = Debug|Any CPU
		Release|Any CPU = Release|Any CPU
	EndGlobalSection
	GlobalSection(ProjectConfigurationPlatforms) = postSolution
		{7E29F5AC-8FC5-47F7-A91F-7C09A98BABC5}.Debug|Any CPU.ActiveCfg = Debug|Any CPU
		{7E29F5AC-8FC5-47F7-A91F-7C09A98BABC5}.Debug|Any CPU.Build.0 = Debug|Any CPU
		{7E29F5AC-8FC5-47F7-A91F-7C09A98BABC5}.Release|Any CPU.ActiveCfg = Release|Any CPU
		{7E29F5AC-8FC5-47F7-A91F-7C09A98BABC5}.Release|Any CPU.Build.0 = Release|Any CPU
	EndGlobalSection
	GlobalSection(SolutionProperties) = preSolution
		HideSolutionNode = FALSE
	EndGlobalSection
	GlobalSection(ExtensibilityGlobals) = postSolution
		SolutionGuid = {FED530EE-3615-45A7-B7A5-E519671B111E}
	EndGlobalSection
EndGlobal
